// !$*UTF8*$!
{
	archiveVersion = 1;
	classes = {
	};
	objectVersion = 46;
	objects = {

/* Begin PBXBuildFile section */
		A7830F511C1AD33600439F63 /* main.m in Sources */ = {isa = PBXBuildFile; fileRef = A7830F501C1AD33600439F63 /* main.m */; };
		A7830F541C1AD33600439F63 /* AppDelegate.m in Sources */ = {isa = PBXBuildFile; fileRef = A7830F531C1AD33600439F63 /* AppDelegate.m */; };
		A7830F571C1AD33600439F63 /* ViewController.m in Sources */ = {isa = PBXBuildFile; fileRef = A7830F561C1AD33600439F63 /* ViewController.m */; };
		A7830F5A1C1AD33600439F63 /* Main.storyboard in Resources */ = {isa = PBXBuildFile; fileRef = A7830F581C1AD33600439F63 /* Main.storyboard */; };
		A7830F5C1C1AD33600439F63 /* Assets.xcassets in Resources */ = {isa = PBXBuildFile; fileRef = A7830F5B1C1AD33600439F63 /* Assets.xcassets */; };
		A7830F5F1C1AD33700439F63 /* LaunchScreen.storyboard in Resources */ = {isa = PBXBuildFile; fileRef = A7830F5D1C1AD33700439F63 /* LaunchScreen.storyboard */; };
		A7830F681C1AD44700439F63 /* PopView.m in Sources */ = {isa = PBXBuildFile; fileRef = A7830F671C1AD44700439F63 /* PopView.m */; };
/* End PBXBuildFile section */

/* Begin PBXFileReference section */
		A7830F4C1C1AD33500439F63 /* PopView.app */ = {isa = PBXFileReference; explicitFileType = wrapper.application; includeInIndex = 0; path = PopView.app; sourceTree = BUILT_PRODUCTS_DIR; };
		A7830F501C1AD33600439F63 /* main.m */ = {isa = PBXFileReference; lastKnownFileType = sourcecode.c.objc; path = main.m; sourceTree = "<group>"; };
		A7830F521C1AD33600439F63 /* AppDelegate.h */ = {isa = PBXFileReference; lastKnownFileType = sourcecode.c.h; path = AppDelegate.h; sourceTree = "<group>"; };
		A7830F531C1AD33600439F63 /* AppDelegate.m */ = {isa = PBXFileReference; lastKnownFileType = sourcecode.c.objc; path = AppDelegate.m; sourceTree = "<group>"; };
		A7830F551C1AD33600439F63 /* ViewController.h */ = {isa = PBXFileReference; lastKnownFileType = sourcecode.c.h; path = ViewController.h; sourceTree = "<group>"; };
		A7830F561C1AD33600439F63 /* ViewController.m */ = {isa = PBXFileReference; lastKnownFileType = sourcecode.c.objc; path = ViewController.m; sourceTree = "<group>"; };
		A7830F591C1AD33600439F63 /* Base */ = {isa = PBXFileReference; lastKnownFileType = file.storyboard; name = Base; path = Base.lproj/Main.storyboard; sourceTree = "<group>"; };
		A7830F5B1C1AD33600439F63 /* Assets.xcassets */ = {isa = PBXFileReference; lastKnownFileType = folder.assetcatalog; path = Assets.xcassets; sourceTree = "<group>"; };
		A7830F5E1C1AD33700439F63 /* Base */ = {isa = PBXFileReference; lastKnownFileType = file.storyboard; name = Base; path = Base.lproj/LaunchScreen.storyboard; sourceTree = "<group>"; };
		A7830F601C1AD33700439F63 /* Info.plist */ = {isa = PBXFileReference; lastKnownFileType = text.plist.xml; path = Info.plist; sourceTree = "<group>"; };
		A7830F661C1AD44700439F63 /* PopView.h */ = {isa = PBXFileReference; fileEncoding = 4; lastKnownFileType = sourcecode.c.h; path = PopView.h; sourceTree = "<group>"; };
		A7830F671C1AD44700439F63 /* PopView.m */ = {isa = PBXFileReference; fileEncoding = 4; lastKnownFileType = sourcecode.c.objc; path = PopView.m; sourceTree = "<group>"; };
/* End PBXFileReference section */

/* Begin PBXFrameworksBuildPhase section */
		A7830F491C1AD33500439F63 /* Frameworks */ = {
			isa = PBXFrameworksBuildPhase;
			buildActionMask = 2147483647;
			files = (
			);
			runOnlyForDeploymentPostprocessing = 0;
		};
/* End PBXFrameworksBuildPhase section */

/* Begin PBXGroup section */
		A7830F431C1AD33400439F63 = {
			isa = PBXGroup;
			children = (
				A7830F4E1C1AD33500439F63 /* PopView */,
				A7830F4D1C1AD33500439F63 /* Products */,
			);
			sourceTree = "<group>";
		};
		A7830F4D1C1AD33500439F63 /* Products */ = {
			isa = PBXGroup;
			children = (
				A7830F4C1C1AD33500439F63 /* PopView.app */,
			);
			name = Products;
			sourceTree = "<group>";
		};
		A7830F4E1C1AD33500439F63 /* PopView */ = {
			isa = PBXGroup;
			children = (
				A7830F521C1AD33600439F63 /* AppDelegate.h */,
				A7830F531C1AD33600439F63 /* AppDelegate.m */,
				A7830F551C1AD33600439F63 /* ViewController.h */,
				A7830F561C1AD33600439F63 /* ViewController.m */,
				A7830F661C1AD44700439F63 /* PopView.h */,
				A7830F671C1AD44700439F63 /* PopView.m */,
				A7830F581C1AD33600439F63 /* Main.storyboard */,
				A7830F5B1C1AD33600439F63 /* Assets.xcassets */,
				A7830F5D1C1AD33700439F63 /* LaunchScreen.storyboard */,
				A7830F601C1AD33700439F63 /* Info.plist */,
				A7830F4F1C1AD33500439F63 /* Supporting Files */,
			);
			path = PopView;
			sourceTree = "<group>";
		};
		A7830F4F1C1AD33500439F63 /* Supporting Files */ = {
			isa = PBXGroup;
			children = (
				A7830F501C1AD33600439F63 /* main.m */,
			);
			name = "Supporting Files";
			sourceTree = "<group>";
		};
/* End PBXGroup section */

/* Begin PBXNativeTarget section */
		A7830F4B1C1AD33500439F63 /* PopView */ = {
			isa = PBXNativeTarget;
			buildConfigurationList = A7830F631C1AD33700439F63 /* Build configuration list for PBXNativeTarget "PopView" */;
			buildPhases = (
				A7830F481C1AD33500439F63 /* Sources */,
				A7830F491C1AD33500439F63 /* Frameworks */,
				A7830F4A1C1AD33500439F63 /* Resources */,
			);
			buildRules = (
			);
			dependencies = (
			);
			name = PopView;
			productName = PopView;
			productReference = A7830F4C1C1AD33500439F63 /* PopView.app */;
			productType = "com.apple.product-type.application";
		};
/* End PBXNativeTarget section */

/* Begin PBXProject section */
		A7830F441C1AD33400439F63 /* Project object */ = {
			isa = PBXProject;
			attributes = {
				LastUpgradeCheck = 0710;
				ORGANIZATIONNAME = chentianyu;
				TargetAttributes = {
					A7830F4B1C1AD33500439F63 = {
						CreatedOnToolsVersion = 7.1;
						DevelopmentTeam = W876368P49;
					};
				};
			};
			buildConfigurationList = A7830F471C1AD33400439F63 /* Build configuration list for PBXProject "PopView" */;
			compatibilityVersion = "Xcode 3.2";
			developmentRegion = English;
			hasScannedForEncodings = 0;
			knownRegions = (
				en,
				Base,
			);
			mainGroup = A7830F431C1AD33400439F63;
			productRefGroup = A7830F4D1C1AD33500439F63 /* Products */;
			projectDirPath = "";
			projectRoot = "";
			targets = (
				A7830F4B1C1AD33500439F63 /* PopView */,
			);
		};
/* End PBXProject section */

/* Begin PBXResourcesBuildPhase section */
		A7830F4A1C1AD33500439F63 /* Resources */ = {
			isa = PBXResourcesBuildPhase;
			buildActionMask = 2147483647;
			files = (
				A7830F5F1C1AD33700439F63 /* LaunchScreen.storyboard in Resources */,
				A7830F5C1C1AD33600439F63 /* Assets.xcassets in Resources */,
				A7830F5A1C1AD33600439F63 /* Main.storyboard in Resources */,
			);
			runOnlyForDeploymentPostprocessing = 0;
		};
/* End PBXResourcesBuildPhase section */

/* Begin PBXSourcesBuildPhase section */
		A7830F481C1AD33500439F63 /* Sources */ = {
			isa = PBXSourcesBuildPhase;
			buildActionMask = 2147483647;
			files = (
				A7830F571C1AD33600439F63 /* ViewController.m in Sources */,
				A7830F541C1AD33600439F63 /* AppDelegate.m in Sources */,
				A7830F681C1AD44700439F63 /* PopView.m in Sources */,
				A7830F511C1AD33600439F63 /* main.m in Sources */,
			);
			runOnlyForDeploymentPostprocessing = 0;
		};
/* End PBXSourcesBuildPhase section */

/* Begin PBXVariantGroup section */
		A7830F581C1AD33600439F63 /* Main.storyboard */ = {
			isa = PBXVariantGroup;
			children = (
				A7830F591C1AD33600439F63 /* Base */,
			);
			name = Main.storyboard;
			sourceTree = "<group>";
		};
		A7830F5D1C1AD33700439F63 /* LaunchScreen.storyboard */ = {
			isa = PBXVariantGroup;
			children = (
				A7830F5E1C1AD33700439F63 /* Base */,
			);
			name = LaunchScreen.storyboard;
			sourceTree = "<group>";
		};
/* End PBXVariantGroup section */

/* Begin XCBuildConfiguration section */
		A7830F611C1AD33700439F63 /* Debug */ = {
			isa = XCBuildConfiguration;
			buildSettings = {
				ALWAYS_SEARCH_USER_PATHS = NO;
				CLANG_CXX_LANGUAGE_STANDARD = "gnu++0x";
				CLANG_CXX_LIBRARY = "libc++";
				CLANG_ENABLE_MODULES = YES;
				CLANG_ENABLE_OBJC_ARC = YES;
				CLANG_WARN_BOOL_CONVERSION = YES;
				CLANG_WARN_CONSTANT_CONVERSION = YES;
				CLANG_WARN_DIRECT_OBJC_ISA_USAGE = YES_ERROR;
				CLANG_WARN_EMPTY_BODY = YES;
				CLANG_WARN_ENUM_CONVERSION = YES;
				CLANG_WARN_INT_CONVERSION = YES;
				CLANG_WARN_OBJC_ROOT_CLASS = YES_ERROR;
				CLANG_WARN_UNREACHABLE_CODE = YES;
				CLANG_WARN__DUPLICATE_METHOD_MATCH = YES;
				"CODE_SIGN_IDENTITY[sdk=iphoneos*]" = "iPhone Developer";
				COPY_PHASE_STRIP = NO;
				DEBUG_INFORMATION_FORMAT = dwarf;
				ENABLE_STRICT_OBJC_MSGSEND = YES;
				ENABLE_TESTABILITY = YES;
				GCC_C_LANGUAGE_STANDARD = gnu99;
				GCC_DYNAMIC_NO_PIC = NO;
				GCC_NO_COMMON_BLOCKS = YES;
				GCC_OPTIMIZATION_LEVEL = 0;
				GCC_PREPROCESSOR_DEFINITIONS = (
					"DEBUG=1",
					"$(inherited)",
				);
				GCC_WARN_64_TO_32_BIT_CONVERSION = YES;
				GCC_WARN_ABOUT_RETURN_TYPE = YES_ERROR;
				GCC_WARN_UNDECLARED_SELECTOR = YES;
				GCC_WARN_UNINITIALIZED_AUTOS = YES_AGGRESSIVE;
				GCC_WARN_UNUSED_FUNCTION = YES;
				GCC_WARN_UNUSED_VARIABLE = YES;
				IPHONEOS_DEPLOYMENT_TARGET = 9.1;
				MTL_ENABLE_DEBUG_INFO = YES;
				ONLY_ACTIVE_ARCH = YES;
				SDKROOT = iphoneos;
			};
			name = Debug;
		};
		A7830F621C1AD33700439F63 /* Release */ = {
			isa = XCBuildConfiguration;
			buildSettings = {
				ALWAYS_SEARCH_USER_PATHS = NO;
				CLANG_CXX_LANGUAGE_STANDARD = "gnu++0x";
				CLANG_CXX_LIBRARY = "libc++";
				CLANG_ENABLE_MODULES = YES;
				CLANG_ENABLE_OBJC_ARC = YES;
				CLANG_WARN_BOOL_CONVERSION = YES;
				CLANG_WARN_CONSTANT_CONVERSION = YES;
				CLANG_WARN_DIRECT_OBJC_ISA_USAGE = YES_ERROR;
				CLANG_WARN_EMPTY_BODY = YES;
				CLANG_WARN_ENUM_CONVERSION = YES;
				CLANG_WARN_INT_CONVERSION = YES;
				CLANG_WARN_OBJC_ROOT_CLASS = YES_ERROR;
				CLANG_WARN_UNREACHABLE_CODE = YES;
				CLANG_WARN__DUPLICATE_METHOD_MATCH = YES;
				"CODE_SIGN_IDENTITY[sdk=iphoneos*]" = "iPhone Developer";
				COPY_PHASE_STRIP = NO;
				DEBUG_INFORMATION_FORMAT = "dwarf-with-dsym";
				ENABLE_NS_ASSERTIONS = NO;
				ENABLE_STRICT_OBJC_MSGSEND = YES;
				GCC_C_LANGUAGE_STANDARD = gnu99;
				GCC_NO_COMMON_BLOCKS = YES;
				GCC_WARN_64_TO_32_BIT_CONVERSION = YES;
				GCC_WARN_ABOUT_RETURN_TYPE = YES_ERROR;
				GCC_WARN_UNDECLARED_SELECTOR = YES;
				GCC_WARN_UNINITIALIZED_AUTOS = YES_AGGRESSIVE;
				GCC_WARN_UNUSED_FUNCTION = YES;
				GCC_WARN_UNUSED_VARIABLE = YES;
				IPHONEOS_DEPLOYMENT_TARGET = 9.1;
				MTL_ENABLE_DEBUG_INFO = NO;
				SDKROOT = iphoneos;
				VALIDATE_PRODUCT = YES;
			};
			name = Release;
		};
		A7830F641C1AD33700439F63 /* Debug */ = {
			isa = XCBuildConfiguration;
			buildSettings = {
				ASSETCATALOG_COMPILER_APPICON_NAME = AppIcon;
				INFOPLIST_FILE = PopView/Info.plist;
				LD_RUNPATH_SEARCH_PATHS = "$(inherited) @executable_path/Frameworks";
				PRODUCT_BUNDLE_IDENTIFIER = chentianyu.PopView;
				PRODUCT_NAME = "$(TARGET_NAME)";
			};
			name = Debug;
		};
		A7830F651C1AD33700439F63 /* Release */ = {
			isa = XCBuildConfiguration;
			buildSettings = {
				ASSETCATALOG_COMPILER_APPICON_NAME = AppIcon;
				INFOPLIST_FILE = PopView/Info.plist;
				LD_RUNPATH_SEARCH_PATHS = "$(inherited) @executable_path/Frameworks";
				PRODUCT_BUNDLE_IDENTIFIER = chentianyu.PopView;
				PRODUCT_NAME = "$(TARGET_NAME)";
			};
			name = Release;
		};
/* End XCBuildConfiguration section */

/* Begin XCConfigurationList section */
		A7830F471C1AD33400439F63 /* Build configuration list for PBXProject "PopView" */ = {
			isa = XCConfigurationList;
			buildConfigurations = (
				A7830F611C1AD33700439F63 /* Debug */,
				A7830F621C1AD33700439F63 /* Release */,
			);
			defaultConfigurationIsVisible = 0;
			defaultConfigurationName = Release;
		};
		A7830F631C1AD33700439F63 /* Build configuration list for PBXNativeTarget "PopView" */ = {
			isa = XCConfigurationList;
			buildConfigurations = (
				A7830F641C1AD33700439F63 /* Debug */,
				A7830F651C1AD33700439F63 /* Release */,
			);
			defaultConfigurationIsVisible = 0;
		};
/* End XCConfigurationList section */
	};
	rootObject = A7830F441C1AD33400439F63 /* Project object */;
}
